<?xml version="1.0" encoding="UTF-8" standalone="yes" ?>
<CodeBlocks_project_file>
   <FileVersion major="1" minor="6" />
   <Project>
      <Option title="GilViewer" />
      <Option makefile_is_custom="1" />
      <Option compiler="gcc" />
      <Build>
      <Target title="all">
         <Option working_dir="/home/olivier/work/dev/lib/gilviewer.repo/branch-icons/qtcreator-build" />
         <Option type="4" />
         <MakeCommands>
            <Build command="/usr/bin/make -f &quot;/home/olivier/work/dev/lib/gilviewer.repo/branch-icons/qtcreator-build/Makefile&quot; all" />
            <CompileFile command="/usr/bin/make -f &quot;/home/olivier/work/dev/lib/gilviewer.repo/branch-icons/qtcreator-build/Makefile&quot; &quot;$file&quot;" />
            <Clean command="/usr/bin/make -f &quot;/home/olivier/work/dev/lib/gilviewer.repo/branch-icons/qtcreator-build/Makefile&quot; clean" />
            <DistClean command="/usr/bin/make -f &quot;/home/olivier/work/dev/lib/gilviewer.repo/branch-icons/qtcreator-build/Makefile&quot; clean" />
         </MakeCommands>
      </Target>
      <Target title="GilViewer">
         <Option output="/home/olivier/work/dev/lib/gilviewer.repo/branch-icons/lib/libGilViewer.so" prefix_auto="0" extension_auto="0" />
         <Option working_dir="/home/olivier/work/dev/lib/gilviewer.repo/branch-icons/qtcreator-build" />
         <Option object_output="./" />
         <Option type="3" />
         <Option compiler="gcc" />
         <Compiler>
            <Add directory="/usr/local/include" />
            <Add directory="/usr/include" />
            <Add directory="/home/olivier/work/dev/lib/gilviewer.repo/branch-icons/extern/shapelib" />
            <Add directory="/home/olivier/work/dev/lib/gilviewer.repo/branch-icons/extern/tinyxml" />
            <Add directory="/usr/lib/wx/include/gtk2-unicode-release-2.8" />
            <Add directory="/usr/include/wx-2.8" />
            <Add directory="/home/olivier/work/dev/lib/gilviewer.repo/branch-icons/extern" />
            <Add directory="/home/olivier/work/dev/lib/gilviewer.repo/branch-icons/src" />
         </Compiler>
         <MakeCommands>
            <Build command="/usr/bin/make -f &quot;/home/olivier/work/dev/lib/gilviewer.repo/branch-icons/qtcreator-build/Makefile&quot; GilViewer" />
            <CompileFile command="/usr/bin/make -f &quot;/home/olivier/work/dev/lib/gilviewer.repo/branch-icons/qtcreator-build/Makefile&quot; &quot;$file&quot;" />
            <Clean command="/usr/bin/make -f &quot;/home/olivier/work/dev/lib/gilviewer.repo/branch-icons/qtcreator-build/Makefile&quot; clean" />
            <DistClean command="/usr/bin/make -f &quot;/home/olivier/work/dev/lib/gilviewer.repo/branch-icons/qtcreator-build/Makefile&quot; clean" />
         </MakeCommands>
      </Target>
      <Target title="GilViewer/fast">
         <Option output="/home/olivier/work/dev/lib/gilviewer.repo/branch-icons/lib/libGilViewer.so" prefix_auto="0" extension_auto="0" />
         <Option working_dir="/home/olivier/work/dev/lib/gilviewer.repo/branch-icons/qtcreator-build" />
         <Option object_output="./" />
         <Option type="3" />
         <Option compiler="gcc" />
         <Compiler>
            <Add directory="/usr/local/include" />
            <Add directory="/usr/include" />
            <Add directory="/home/olivier/work/dev/lib/gilviewer.repo/branch-icons/extern/shapelib" />
            <Add directory="/home/olivier/work/dev/lib/gilviewer.repo/branch-icons/extern/tinyxml" />
            <Add directory="/usr/lib/wx/include/gtk2-unicode-release-2.8" />
            <Add directory="/usr/include/wx-2.8" />
            <Add directory="/home/olivier/work/dev/lib/gilviewer.repo/branch-icons/extern" />
            <Add directory="/home/olivier/work/dev/lib/gilviewer.repo/branch-icons/src" />
         </Compiler>
         <MakeCommands>
            <Build command="/usr/bin/make -f &quot;/home/olivier/work/dev/lib/gilviewer.repo/branch-icons/qtcreator-build/Makefile&quot; GilViewer/fast" />
            <CompileFile command="/usr/bin/make -f &quot;/home/olivier/work/dev/lib/gilviewer.repo/branch-icons/qtcreator-build/Makefile&quot; &quot;$file&quot;" />
            <Clean command="/usr/bin/make -f &quot;/home/olivier/work/dev/lib/gilviewer.repo/branch-icons/qtcreator-build/Makefile&quot; clean" />
            <DistClean command="/usr/bin/make -f &quot;/home/olivier/work/dev/lib/gilviewer.repo/branch-icons/qtcreator-build/Makefile&quot; clean" />
         </MakeCommands>
      </Target>
      <Target title="GilViewerApp">
         <Option output="/home/olivier/work/dev/lib/gilviewer.repo/branch-icons/qtcreator-build/GilViewerApp" prefix_auto="0" extension_auto="0" />
         <Option working_dir="/home/olivier/work/dev/lib/gilviewer.repo/branch-icons/qtcreator-build" />
         <Option object_output="./" />
         <Option type="1" />
         <Option compiler="gcc" />
         <Compiler>
            <Add directory="/usr/local/include" />
            <Add directory="/usr/include" />
            <Add directory="/home/olivier/work/dev/lib/gilviewer.repo/branch-icons/extern/shapelib" />
            <Add directory="/home/olivier/work/dev/lib/gilviewer.repo/branch-icons/extern/tinyxml" />
            <Add directory="/usr/lib/wx/include/gtk2-unicode-release-2.8" />
            <Add directory="/usr/include/wx-2.8" />
            <Add directory="/home/olivier/work/dev/lib/gilviewer.repo/branch-icons/extern" />
            <Add directory="/home/olivier/work/dev/lib/gilviewer.repo/branch-icons/src" />
         </Compiler>
         <MakeCommands>
            <Build command="/usr/bin/make -f &quot;/home/olivier/work/dev/lib/gilviewer.repo/branch-icons/qtcreator-build/Makefile&quot; GilViewerApp" />
            <CompileFile command="/usr/bin/make -f &quot;/home/olivier/work/dev/lib/gilviewer.repo/branch-icons/qtcreator-build/Makefile&quot; &quot;$file&quot;" />
            <Clean command="/usr/bin/make -f &quot;/home/olivier/work/dev/lib/gilviewer.repo/branch-icons/qtcreator-build/Makefile&quot; clean" />
            <DistClean command="/usr/bin/make -f &quot;/home/olivier/work/dev/lib/gilviewer.repo/branch-icons/qtcreator-build/Makefile&quot; clean" />
         </MakeCommands>
      </Target>
      <Target title="GilViewerApp/fast">
         <Option output="/home/olivier/work/dev/lib/gilviewer.repo/branch-icons/qtcreator-build/GilViewerApp" prefix_auto="0" extension_auto="0" />
         <Option working_dir="/home/olivier/work/dev/lib/gilviewer.repo/branch-icons/qtcreator-build" />
         <Option object_output="./" />
         <Option type="1" />
         <Option compiler="gcc" />
         <Compiler>
            <Add directory="/usr/local/include" />
            <Add directory="/usr/include" />
            <Add directory="/home/olivier/work/dev/lib/gilviewer.repo/branch-icons/extern/shapelib" />
            <Add directory="/home/olivier/work/dev/lib/gilviewer.repo/branch-icons/extern/tinyxml" />
            <Add directory="/usr/lib/wx/include/gtk2-unicode-release-2.8" />
            <Add directory="/usr/include/wx-2.8" />
            <Add directory="/home/olivier/work/dev/lib/gilviewer.repo/branch-icons/extern" />
            <Add directory="/home/olivier/work/dev/lib/gilviewer.repo/branch-icons/src" />
         </Compiler>
         <MakeCommands>
            <Build command="/usr/bin/make -f &quot;/home/olivier/work/dev/lib/gilviewer.repo/branch-icons/qtcreator-build/Makefile&quot; GilViewerApp/fast" />
            <CompileFile command="/usr/bin/make -f &quot;/home/olivier/work/dev/lib/gilviewer.repo/branch-icons/qtcreator-build/Makefile&quot; &quot;$file&quot;" />
            <Clean command="/usr/bin/make -f &quot;/home/olivier/work/dev/lib/gilviewer.repo/branch-icons/qtcreator-build/Makefile&quot; clean" />
            <DistClean command="/usr/bin/make -f &quot;/home/olivier/work/dev/lib/gilviewer.repo/branch-icons/qtcreator-build/Makefile&quot; clean" />
         </MakeCommands>
      </Target>
      <Target title="rebuild_cache">
         <Option working_dir="/home/olivier/work/dev/lib/gilviewer.repo/branch-icons/qtcreator-build" />
         <Option type="4" />
         <MakeCommands>
            <Build command="/usr/bin/make -f &quot;/home/olivier/work/dev/lib/gilviewer.repo/branch-icons/qtcreator-build/Makefile&quot; rebuild_cache" />
            <CompileFile command="/usr/bin/make -f &quot;/home/olivier/work/dev/lib/gilviewer.repo/branch-icons/qtcreator-build/Makefile&quot; &quot;$file&quot;" />
            <Clean command="/usr/bin/make -f &quot;/home/olivier/work/dev/lib/gilviewer.repo/branch-icons/qtcreator-build/Makefile&quot; clean" />
            <DistClean command="/usr/bin/make -f &quot;/home/olivier/work/dev/lib/gilviewer.repo/branch-icons/qtcreator-build/Makefile&quot; clean" />
         </MakeCommands>
      </Target>
      <Target title="shapelib">
         <Option output="/home/olivier/work/dev/lib/gilviewer.repo/branch-icons/lib/libshapelib.so" prefix_auto="0" extension_auto="0" />
         <Option working_dir="/home/olivier/work/dev/lib/gilviewer.repo/branch-icons/qtcreator-build" />
         <Option object_output="./" />
         <Option type="3" />
         <Option compiler="gcc" />
         <Compiler>
            <Add directory="/usr/local/include" />
            <Add directory="/usr/include" />
            <Add directory="/home/olivier/work/dev/lib/gilviewer.repo/branch-icons/extern/shapelib" />
            <Add directory="/home/olivier/work/dev/lib/gilviewer.repo/branch-icons/extern/tinyxml" />
            <Add directory="/usr/lib/wx/include/gtk2-unicode-release-2.8" />
            <Add directory="/usr/include/wx-2.8" />
            <Add directory="/home/olivier/work/dev/lib/gilviewer.repo/branch-icons/extern" />
            <Add directory="/home/olivier/work/dev/lib/gilviewer.repo/branch-icons/src" />
         </Compiler>
         <MakeCommands>
            <Build command="/usr/bin/make -f &quot;/home/olivier/work/dev/lib/gilviewer.repo/branch-icons/qtcreator-build/Makefile&quot; shapelib" />
            <CompileFile command="/usr/bin/make -f &quot;/home/olivier/work/dev/lib/gilviewer.repo/branch-icons/qtcreator-build/Makefile&quot; &quot;$file&quot;" />
            <Clean command="/usr/bin/make -f &quot;/home/olivier/work/dev/lib/gilviewer.repo/branch-icons/qtcreator-build/Makefile&quot; clean" />
            <DistClean command="/usr/bin/make -f &quot;/home/olivier/work/dev/lib/gilviewer.repo/branch-icons/qtcreator-build/Makefile&quot; clean" />
         </MakeCommands>
      </Target>
      <Target title="shapelib/fast">
         <Option output="/home/olivier/work/dev/lib/gilviewer.repo/branch-icons/lib/libshapelib.so" prefix_auto="0" extension_auto="0" />
         <Option working_dir="/home/olivier/work/dev/lib/gilviewer.repo/branch-icons/qtcreator-build" />
         <Option object_output="./" />
         <Option type="3" />
         <Option compiler="gcc" />
         <Compiler>
            <Add directory="/usr/local/include" />
            <Add directory="/usr/include" />
            <Add directory="/home/olivier/work/dev/lib/gilviewer.repo/branch-icons/extern/shapelib" />
            <Add directory="/home/olivier/work/dev/lib/gilviewer.repo/branch-icons/extern/tinyxml" />
            <Add directory="/usr/lib/wx/include/gtk2-unicode-release-2.8" />
            <Add directory="/usr/include/wx-2.8" />
            <Add directory="/home/olivier/work/dev/lib/gilviewer.repo/branch-icons/extern" />
            <Add directory="/home/olivier/work/dev/lib/gilviewer.repo/branch-icons/src" />
         </Compiler>
         <MakeCommands>
            <Build command="/usr/bin/make -f &quot;/home/olivier/work/dev/lib/gilviewer.repo/branch-icons/qtcreator-build/Makefile&quot; shapelib/fast" />
            <CompileFile command="/usr/bin/make -f &quot;/home/olivier/work/dev/lib/gilviewer.repo/branch-icons/qtcreator-build/Makefile&quot; &quot;$file&quot;" />
            <Clean command="/usr/bin/make -f &quot;/home/olivier/work/dev/lib/gilviewer.repo/branch-icons/qtcreator-build/Makefile&quot; clean" />
            <DistClean command="/usr/bin/make -f &quot;/home/olivier/work/dev/lib/gilviewer.repo/branch-icons/qtcreator-build/Makefile&quot; clean" />
         </MakeCommands>
      </Target>
      <Target title="tinyxml">
         <Option output="/home/olivier/work/dev/lib/gilviewer.repo/branch-icons/lib/libtinyxml.so" prefix_auto="0" extension_auto="0" />
         <Option working_dir="/home/olivier/work/dev/lib/gilviewer.repo/branch-icons/qtcreator-build" />
         <Option object_output="./" />
         <Option type="3" />
         <Option compiler="gcc" />
         <Compiler>
            <Add directory="/usr/local/include" />
            <Add directory="/usr/include" />
            <Add directory="/home/olivier/work/dev/lib/gilviewer.repo/branch-icons/extern/shapelib" />
            <Add directory="/home/olivier/work/dev/lib/gilviewer.repo/branch-icons/extern/tinyxml" />
            <Add directory="/usr/lib/wx/include/gtk2-unicode-release-2.8" />
            <Add directory="/usr/include/wx-2.8" />
            <Add directory="/home/olivier/work/dev/lib/gilviewer.repo/branch-icons/extern" />
            <Add directory="/home/olivier/work/dev/lib/gilviewer.repo/branch-icons/src" />
         </Compiler>
         <MakeCommands>
            <Build command="/usr/bin/make -f &quot;/home/olivier/work/dev/lib/gilviewer.repo/branch-icons/qtcreator-build/Makefile&quot; tinyxml" />
            <CompileFile command="/usr/bin/make -f &quot;/home/olivier/work/dev/lib/gilviewer.repo/branch-icons/qtcreator-build/Makefile&quot; &quot;$file&quot;" />
            <Clean command="/usr/bin/make -f &quot;/home/olivier/work/dev/lib/gilviewer.repo/branch-icons/qtcreator-build/Makefile&quot; clean" />
            <DistClean command="/usr/bin/make -f &quot;/home/olivier/work/dev/lib/gilviewer.repo/branch-icons/qtcreator-build/Makefile&quot; clean" />
         </MakeCommands>
      </Target>
      <Target title="tinyxml/fast">
         <Option output="/home/olivier/work/dev/lib/gilviewer.repo/branch-icons/lib/libtinyxml.so" prefix_auto="0" extension_auto="0" />
         <Option working_dir="/home/olivier/work/dev/lib/gilviewer.repo/branch-icons/qtcreator-build" />
         <Option object_output="./" />
         <Option type="3" />
         <Option compiler="gcc" />
         <Compiler>
            <Add directory="/usr/local/include" />
            <Add directory="/usr/include" />
            <Add directory="/home/olivier/work/dev/lib/gilviewer.repo/branch-icons/extern/shapelib" />
            <Add directory="/home/olivier/work/dev/lib/gilviewer.repo/branch-icons/extern/tinyxml" />
            <Add directory="/usr/lib/wx/include/gtk2-unicode-release-2.8" />
            <Add directory="/usr/include/wx-2.8" />
            <Add directory="/home/olivier/work/dev/lib/gilviewer.repo/branch-icons/extern" />
            <Add directory="/home/olivier/work/dev/lib/gilviewer.repo/branch-icons/src" />
         </Compiler>
         <MakeCommands>
            <Build command="/usr/bin/make -f &quot;/home/olivier/work/dev/lib/gilviewer.repo/branch-icons/qtcreator-build/Makefile&quot; tinyxml/fast" />
            <CompileFile command="/usr/bin/make -f &quot;/home/olivier/work/dev/lib/gilviewer.repo/branch-icons/qtcreator-build/Makefile&quot; &quot;$file&quot;" />
            <Clean command="/usr/bin/make -f &quot;/home/olivier/work/dev/lib/gilviewer.repo/branch-icons/qtcreator-build/Makefile&quot; clean" />
            <DistClean command="/usr/bin/make -f &quot;/home/olivier/work/dev/lib/gilviewer.repo/branch-icons/qtcreator-build/Makefile&quot; clean" />
         </MakeCommands>
      </Target>
      </Build>
      <Unit filename="/home/olivier/work/dev/lib/gilviewer.repo/branch-icons/extern/shapelib/dbfopen.c">
      </Unit>
      <Unit filename="/home/olivier/work/dev/lib/gilviewer.repo/branch-icons/extern/shapelib/shpopen.c">
      </Unit>
      <Unit filename="/home/olivier/work/dev/lib/gilviewer.repo/branch-icons/extern/shapelib/shptree.c">
      </Unit>
      <Unit filename="/home/olivier/work/dev/lib/gilviewer.repo/branch-icons/extern/tinyxml/tinystr.cpp">
      </Unit>
      <Unit filename="/home/olivier/work/dev/lib/gilviewer.repo/branch-icons/extern/tinyxml/tinystr.h">
      </Unit>
      <Unit filename="/home/olivier/work/dev/lib/gilviewer.repo/branch-icons/extern/tinyxml/tinyxml.cpp">
      </Unit>
      <Unit filename="/home/olivier/work/dev/lib/gilviewer.repo/branch-icons/extern/tinyxml/tinyxml.h">
      </Unit>
      <Unit filename="/home/olivier/work/dev/lib/gilviewer.repo/branch-icons/extern/tinyxml/tinyxmlerror.cpp">
      </Unit>
      <Unit filename="/home/olivier/work/dev/lib/gilviewer.repo/branch-icons/extern/tinyxml/tinyxmlparser.cpp">
      </Unit>
      <Unit filename="/home/olivier/work/dev/lib/gilviewer.repo/branch-icons/src/convenient/MacrosITKViewer.hpp">
      </Unit>
      <Unit filename="/home/olivier/work/dev/lib/gilviewer.repo/branch-icons/src/convenient/wxhelper.cpp">
      </Unit>
      <Unit filename="/home/olivier/work/dev/lib/gilviewer.repo/branch-icons/src/convenient/wxhelper.hpp">
      </Unit>
      <Unit filename="/home/olivier/work/dev/lib/gilviewer.repo/branch-icons/src/gui/ApplicationSettings.cpp">
      </Unit>
      <Unit filename="/home/olivier/work/dev/lib/gilviewer.repo/branch-icons/src/gui/ApplicationSettings.hpp">
      </Unit>
      <Unit filename="/home/olivier/work/dev/lib/gilviewer.repo/branch-icons/src/gui/GlobalSettingsControl.cpp">
      </Unit>
      <Unit filename="/home/olivier/work/dev/lib/gilviewer.repo/branch-icons/src/gui/GlobalSettingsControl.hpp">
      </Unit>
      <Unit filename="/home/olivier/work/dev/lib/gilviewer.repo/branch-icons/src/gui/ImageLayerSettingsControl.cpp">
      </Unit>
      <Unit filename="/home/olivier/work/dev/lib/gilviewer.repo/branch-icons/src/gui/ImageLayerSettingsControl.hpp">
      </Unit>
      <Unit filename="/home/olivier/work/dev/lib/gilviewer.repo/branch-icons/src/gui/LayerControl.cpp">
      </Unit>
      <Unit filename="/home/olivier/work/dev/lib/gilviewer.repo/branch-icons/src/gui/LayerControl.hpp">
      </Unit>
      <Unit filename="/home/olivier/work/dev/lib/gilviewer.repo/branch-icons/src/gui/LayerInfosControl.cpp">
      </Unit>
      <Unit filename="/home/olivier/work/dev/lib/gilviewer.repo/branch-icons/src/gui/LayerInfosControl.hpp">
      </Unit>
      <Unit filename="/home/olivier/work/dev/lib/gilviewer.repo/branch-icons/src/gui/LayerSettingsControl.hpp">
      </Unit>
      <Unit filename="/home/olivier/work/dev/lib/gilviewer.repo/branch-icons/src/gui/NewVectorLayerControl.cpp">
      </Unit>
      <Unit filename="/home/olivier/work/dev/lib/gilviewer.repo/branch-icons/src/gui/NewVectorLayerControl.hpp">
      </Unit>
      <Unit filename="/home/olivier/work/dev/lib/gilviewer.repo/branch-icons/src/gui/PanelManager.cpp">
      </Unit>
      <Unit filename="/home/olivier/work/dev/lib/gilviewer.repo/branch-icons/src/gui/PanelManager.h">
      </Unit>
      <Unit filename="/home/olivier/work/dev/lib/gilviewer.repo/branch-icons/src/gui/PanelViewer.cpp">
      </Unit>
      <Unit filename="/home/olivier/work/dev/lib/gilviewer.repo/branch-icons/src/gui/PanelViewer.hpp">
      </Unit>
      <Unit filename="/home/olivier/work/dev/lib/gilviewer.repo/branch-icons/src/gui/VectorLayerSettingsControl.cpp">
      </Unit>
      <Unit filename="/home/olivier/work/dev/lib/gilviewer.repo/branch-icons/src/gui/VectorLayerSettingsControl.hpp">
      </Unit>
      <Unit filename="/home/olivier/work/dev/lib/gilviewer.repo/branch-icons/src/gui/define_id.hpp">
      </Unit>
      <Unit filename="/home/olivier/work/dev/lib/gilviewer.repo/branch-icons/src/gui/resources/resources.cpp">
      </Unit>
      <Unit filename="/home/olivier/work/dev/lib/gilviewer.repo/branch-icons/src/gui/resources/resources.cpp.rule">
      </Unit>
      <Unit filename="/home/olivier/work/dev/lib/gilviewer.repo/branch-icons/src/io/XMLDisplayConfigurationIO.cpp">
      </Unit>
      <Unit filename="/home/olivier/work/dev/lib/gilviewer.repo/branch-icons/src/layers/ImageLayer.cpp">
      </Unit>
      <Unit filename="/home/olivier/work/dev/lib/gilviewer.repo/branch-icons/src/layers/ImageLayer.hpp">
      </Unit>
      <Unit filename="/home/olivier/work/dev/lib/gilviewer.repo/branch-icons/src/layers/Layer.hpp">
      </Unit>
      <Unit filename="/home/olivier/work/dev/lib/gilviewer.repo/branch-icons/src/layers/VectorLayer.cpp">
      </Unit>
      <Unit filename="/home/olivier/work/dev/lib/gilviewer.repo/branch-icons/src/layers/VectorLayer.hpp">
      </Unit>
      <Unit filename="/home/olivier/work/dev/lib/gilviewer.repo/branch-icons/src/layers/VectorLayerArc.cpp">
      </Unit>
      <Unit filename="/home/olivier/work/dev/lib/gilviewer.repo/branch-icons/src/layers/VectorLayerArc.hpp">
      </Unit>
      <Unit filename="/home/olivier/work/dev/lib/gilviewer.repo/branch-icons/src/layers/VectorLayerContent.cpp">
      </Unit>
      <Unit filename="/home/olivier/work/dev/lib/gilviewer.repo/branch-icons/src/layers/VectorLayerContent.hpp">
      </Unit>
      <Unit filename="/home/olivier/work/dev/lib/gilviewer.repo/branch-icons/src/layers/VectorLayerGhost.cpp">
      </Unit>
      <Unit filename="/home/olivier/work/dev/lib/gilviewer.repo/branch-icons/src/layers/VectorLayerGhost.h">
      </Unit>
      <Unit filename="/home/olivier/work/dev/lib/gilviewer.repo/branch-icons/src/layers/VectorLayerMultiGeometries.cpp">
      </Unit>
      <Unit filename="/home/olivier/work/dev/lib/gilviewer.repo/branch-icons/src/layers/VectorLayerMultiGeometries.hpp">
      </Unit>
      <Unit filename="/home/olivier/work/dev/lib/gilviewer.repo/branch-icons/src/layers/VectorLayerPoint.cpp">
      </Unit>
      <Unit filename="/home/olivier/work/dev/lib/gilviewer.repo/branch-icons/src/layers/VectorLayerPoint.hpp">
      </Unit>
      <Unit filename="/home/olivier/work/dev/lib/gilviewer.repo/branch-icons/src/layers/VectorLayerPolygon.cpp">
      </Unit>
      <Unit filename="/home/olivier/work/dev/lib/gilviewer.repo/branch-icons/src/layers/VectorLayerPolygon.hpp">
      </Unit>
      <Unit filename="/home/olivier/work/dev/lib/gilviewer.repo/branch-icons/src/layers/image_layer_channel_converter_functor.hpp">
      </Unit>
      <Unit filename="/home/olivier/work/dev/lib/gilviewer.repo/branch-icons/src/layers/image_layer_get_any_image_functor.hpp">
      </Unit>
      <Unit filename="/home/olivier/work/dev/lib/gilviewer.repo/branch-icons/src/layers/image_layer_histogram_functor.hpp">
      </Unit>
      <Unit filename="/home/olivier/work/dev/lib/gilviewer.repo/branch-icons/src/layers/image_layer_infos_functor.hpp">
      </Unit>
      <Unit filename="/home/olivier/work/dev/lib/gilviewer.repo/branch-icons/src/layers/image_layer_min_max_functor.hpp">
      </Unit>
      <Unit filename="/home/olivier/work/dev/lib/gilviewer.repo/branch-icons/src/layers/image_layer_to_string_functor.hpp">
      </Unit>
      <Unit filename="/home/olivier/work/dev/lib/gilviewer.repo/branch-icons/src/layers/image_layer_transparency_functor.hpp">
      </Unit>
      <Unit filename="/home/olivier/work/dev/lib/gilviewer.repo/branch-icons/src/tools/ColorLookupTable.cpp">
      </Unit>
      <Unit filename="/home/olivier/work/dev/lib/gilviewer.repo/branch-icons/src/tools/ColorLookupTable.h">
      </Unit>
      <Unit filename="/home/olivier/work/dev/lib/gilviewer.repo/branch-icons/src/tools/Orientation2D.cpp">
      </Unit>
      <Unit filename="/home/olivier/work/dev/lib/gilviewer.repo/branch-icons/src/tools/Orientation2D.h">
      </Unit>
      <Unit filename="/home/olivier/work/dev/lib/gilviewer.repo/branch-icons/src/tools/PatternFactory.hpp">
      </Unit>
      <Unit filename="/home/olivier/work/dev/lib/gilviewer.repo/branch-icons/src/tools/PatternSingleton.hpp">
      </Unit>
      <Unit filename="/home/olivier/work/dev/lib/gilviewer.repo/branch-icons/src/tools/TypeInfos.h">
      </Unit>
      <Unit filename="/home/olivier/work/dev/lib/gilviewer.repo/branch-icons/src/vectorutils/CreateShapes.cpp">
      </Unit>
      <Unit filename="/home/olivier/work/dev/lib/gilviewer.repo/branch-icons/src/vectorutils/CreateShapes.h">
      </Unit>
      <Unit filename="/home/olivier/work/dev/lib/gilviewer.repo/branch-icons/src/wrappers/WrapperShapelibDBF.cpp">
      </Unit>
      <Unit filename="/home/olivier/work/dev/lib/gilviewer.repo/branch-icons/src/wrappers/WrapperShapelibDBF.hpp">
      </Unit>
      <Unit filename="/home/olivier/work/dev/lib/gilviewer.repo/branch-icons/viewer_app/FrameViewer.cpp">
      </Unit>
      <Unit filename="/home/olivier/work/dev/lib/gilviewer.repo/branch-icons/viewer_app/GilViewer.cpp">
      </Unit>
   </Project>
</CodeBlocks_project_file>
